
Microsoft Visual Studio Solution File, Format Version 12.00
# Visual Studio Version 17
VisualStudioVersion = 17.13.35825.156 d17.13
MinimumVisualStudioVersion = 10.0.40219.1
Project("{FAE04EC0-301F-11D3-BF4B-00C04F79EFBC}") = "DevIO.Data", "src\DevIO.Data\DevIO.Data.csproj", "{E573D2DC-8B10-4070-A242-3884A58F00CF}"
EndProject
Project("{FAE04EC0-301F-11D3-BF4B-00C04F79EFBC}") = "DevIO.Business", "src\DevIO.Business\DevIO.Business.csproj", "{390FB715-15E2-458E-9223-87EA222509D2}"
EndProject
Global
	GlobalSection(SolutionConfigurationPlatforms) = preSolution
		Debug|Any CPU = Debug|Any CPU
		Release|Any CPU = Release|Any CPU
	EndGlobalSection
	GlobalSection(ProjectConfigurationPlatforms) = postSolution
		{E573D2DC-8B10-4070-A242-3884A58F00CF}.Debug|Any CPU.ActiveCfg = Debug|Any CPU
		{E573D2DC-8B10-4070-A242-3884A58F00CF}.Debug|Any CPU.Build.0 = Debug|Any CPU
		{E573D2DC-8B10-4070-A242-3884A58F00CF}.Release|Any CPU.ActiveCfg = Release|Any CPU
		{E573D2DC-8B10-4070-A242-3884A58F00CF}.Release|Any CPU.Build.0 = Release|Any CPU
		{390FB715-15E2-458E-9223-87EA222509D2}.Debug|Any CPU.ActiveCfg = Debug|Any CPU
		{390FB715-15E2-458E-9223-87EA222509D2}.Debug|Any CPU.Build.0 = Debug|Any CPU
		{390FB715-15E2-458E-9223-87EA222509D2}.Release|Any CPU.ActiveCfg = Release|Any CPU
		{390FB715-15E2-458E-9223-87EA222509D2}.Release|Any CPU.Build.0 = Release|Any CPU
	EndGlobalSection
	GlobalSection(SolutionProperties) = preSolution
		HideSolutionNode = FALSE
	EndGlobalSection
	GlobalSection(ExtensibilityGlobals) = postSolution
		SolutionGuid = {A2A3D329-98BA-4C7E-97C5-8AB1AFC6110D}
	EndGlobalSection
EndGlobal
